// !$*UTF8*$!
{
	archiveVersion = 1;
	classes = {
	};
	objectVersion = 46;
	objects = {

/* Begin PBXBuildFile section */
		A1A3948519CED91F00887EA2 /* Camera.m in Sources */ = {isa = PBXBuildFile; fileRef = A1A3948419CED91F00887EA2 /* Camera.m */; };
		A1A3948819CEEBB500887EA2 /* SceneKitTextureRenderer.m in Sources */ = {isa = PBXBuildFile; fileRef = A1A3948719CEEBB500887EA2 /* SceneKitTextureRenderer.m */; };
		A1A3948B19CEF0B200887EA2 /* GLKitTextureRenderer.m in Sources */ = {isa = PBXBuildFile; fileRef = A1A3948A19CEF0B200887EA2 /* GLKitTextureRenderer.m */; };
		A1A3948E19CEF4FF00887EA2 /* TextureRenderer.m in Sources */ = {isa = PBXBuildFile; fileRef = A1A3948D19CEF4FF00887EA2 /* TextureRenderer.m */; };
		A1A3949219CF247500887EA2 /* SceneSelectViewController.m in Sources */ = {isa = PBXBuildFile; fileRef = A1A3949119CF247500887EA2 /* SceneSelectViewController.m */; };
		A1A3949619CF39E800887EA2 /* LICENCE in Resources */ = {isa = PBXBuildFile; fileRef = A1A3949419CF39E800887EA2 /* LICENCE */; };
		A1A3949719CF39E800887EA2 /* README.md in Sources */ = {isa = PBXBuildFile; fileRef = A1A3949519CF39E800887EA2 /* README.md */; };
		A1C920F119CC19DB009FE141 /* main.m in Sources */ = {isa = PBXBuildFile; fileRef = A1C920F019CC19DB009FE141 /* main.m */; };
		A1C920F419CC19DB009FE141 /* AppDelegate.m in Sources */ = {isa = PBXBuildFile; fileRef = A1C920F319CC19DB009FE141 /* AppDelegate.m */; };
		A1C920F619CC19DB009FE141 /* Shader.fsh in Resources */ = {isa = PBXBuildFile; fileRef = A1C920F519CC19DB009FE141 /* Shader.fsh */; };
		A1C920F819CC19DB009FE141 /* Shader.vsh in Resources */ = {isa = PBXBuildFile; fileRef = A1C920F719CC19DB009FE141 /* Shader.vsh */; };
		A1C920FB19CC19DB009FE141 /* GameViewController.m in Sources */ = {isa = PBXBuildFile; fileRef = A1C920FA19CC19DB009FE141 /* GameViewController.m */; };
		A1C920FE19CC19DB009FE141 /* Main.storyboard in Resources */ = {isa = PBXBuildFile; fileRef = A1C920FC19CC19DB009FE141 /* Main.storyboard */; };
		A1C9210019CC19DB009FE141 /* Images.xcassets in Resources */ = {isa = PBXBuildFile; fileRef = A1C920FF19CC19DB009FE141 /* Images.xcassets */; };
		A1C9210319CC19DB009FE141 /* LaunchScreen.xib in Resources */ = {isa = PBXBuildFile; fileRef = A1C9210119CC19DB009FE141 /* LaunchScreen.xib */; };
		A1C9210F19CC19DB009FE141 /* CardboardDemoTests.m in Sources */ = {isa = PBXBuildFile; fileRef = A1C9210E19CC19DB009FE141 /* CardboardDemoTests.m */; };
		A1C9211A19CC1C8E009FE141 /* GLProgram.m in Sources */ = {isa = PBXBuildFile; fileRef = A1C9211919CC1C8E009FE141 /* GLProgram.m */; };
/* End PBXBuildFile section */

/* Begin PBXContainerItemProxy section */
		A1C9210919CC19DB009FE141 /* PBXContainerItemProxy */ = {
			isa = PBXContainerItemProxy;
			containerPortal = A1C920E319CC19DB009FE141 /* Project object */;
			proxyType = 1;
			remoteGlobalIDString = A1C920EA19CC19DB009FE141;
			remoteInfo = TestVR;
		};
/* End PBXContainerItemProxy section */

/* Begin PBXFileReference section */
		A1A3948319CED91F00887EA2 /* Camera.h */ = {isa = PBXFileReference; fileEncoding = 4; lastKnownFileType = sourcecode.c.h; path = Camera.h; sourceTree = "<group>"; };
		A1A3948419CED91F00887EA2 /* Camera.m */ = {isa = PBXFileReference; fileEncoding = 4; lastKnownFileType = sourcecode.c.objc; path = Camera.m; sourceTree = "<group>"; };
		A1A3948619CEEBB500887EA2 /* SceneKitTextureRenderer.h */ = {isa = PBXFileReference; fileEncoding = 4; lastKnownFileType = sourcecode.c.h; path = SceneKitTextureRenderer.h; sourceTree = "<group>"; };
		A1A3948719CEEBB500887EA2 /* SceneKitTextureRenderer.m */ = {isa = PBXFileReference; fileEncoding = 4; lastKnownFileType = sourcecode.c.objc; path = SceneKitTextureRenderer.m; sourceTree = "<group>"; };
		A1A3948919CEF0B200887EA2 /* GLKitTextureRenderer.h */ = {isa = PBXFileReference; fileEncoding = 4; lastKnownFileType = sourcecode.c.h; path = GLKitTextureRenderer.h; sourceTree = "<group>"; };
		A1A3948A19CEF0B200887EA2 /* GLKitTextureRenderer.m */ = {isa = PBXFileReference; fileEncoding = 4; lastKnownFileType = sourcecode.c.objc; path = GLKitTextureRenderer.m; sourceTree = "<group>"; };
		A1A3948C19CEF4FF00887EA2 /* TextureRenderer.h */ = {isa = PBXFileReference; fileEncoding = 4; lastKnownFileType = sourcecode.c.h; path = TextureRenderer.h; sourceTree = "<group>"; };
		A1A3948D19CEF4FF00887EA2 /* TextureRenderer.m */ = {isa = PBXFileReference; fileEncoding = 4; lastKnownFileType = sourcecode.c.objc; path = TextureRenderer.m; sourceTree = "<group>"; };
		A1A3949019CF247500887EA2 /* SceneSelectViewController.h */ = {isa = PBXFileReference; fileEncoding = 4; lastKnownFileType = sourcecode.c.h; path = SceneSelectViewController.h; sourceTree = "<group>"; };
		A1A3949119CF247500887EA2 /* SceneSelectViewController.m */ = {isa = PBXFileReference; fileEncoding = 4; lastKnownFileType = sourcecode.c.objc; path = SceneSelectViewController.m; sourceTree = "<group>"; };
		A1A3949319CF25A000887EA2 /* Constants.h */ = {isa = PBXFileReference; lastKnownFileType = sourcecode.c.h; path = Constants.h; sourceTree = "<group>"; };
		A1A3949419CF39E800887EA2 /* LICENCE */ = {isa = PBXFileReference; fileEncoding = 4; lastKnownFileType = text; path = LICENCE; sourceTree = "<group>"; };
		A1A3949519CF39E800887EA2 /* README.md */ = {isa = PBXFileReference; fileEncoding = 4; lastKnownFileType = net.daringfireball.markdown; path = README.md; sourceTree = "<group>"; };
		A1C920EB19CC19DB009FE141 /* CardboardDemo.app */ = {isa = PBXFileReference; explicitFileType = wrapper.application; includeInIndex = 0; path = CardboardDemo.app; sourceTree = BUILT_PRODUCTS_DIR; };
		A1C920EF19CC19DB009FE141 /* Info.plist */ = {isa = PBXFileReference; lastKnownFileType = text.plist.xml; path = Info.plist; sourceTree = "<group>"; };
		A1C920F019CC19DB009FE141 /* main.m */ = {isa = PBXFileReference; lastKnownFileType = sourcecode.c.objc; path = main.m; sourceTree = "<group>"; };
		A1C920F219CC19DB009FE141 /* AppDelegate.h */ = {isa = PBXFileReference; lastKnownFileType = sourcecode.c.h; path = AppDelegate.h; sourceTree = "<group>"; };
		A1C920F319CC19DB009FE141 /* AppDelegate.m */ = {isa = PBXFileReference; lastKnownFileType = sourcecode.c.objc; path = AppDelegate.m; sourceTree = "<group>"; };
		A1C920F519CC19DB009FE141 /* Shader.fsh */ = {isa = PBXFileReference; lastKnownFileType = sourcecode.glsl; name = Shader.fsh; path = Shaders/Shader.fsh; sourceTree = "<group>"; };
		A1C920F719CC19DB009FE141 /* Shader.vsh */ = {isa = PBXFileReference; lastKnownFileType = sourcecode.glsl; name = Shader.vsh; path = Shaders/Shader.vsh; sourceTree = "<group>"; };
		A1C920F919CC19DB009FE141 /* GameViewController.h */ = {isa = PBXFileReference; lastKnownFileType = sourcecode.c.h; path = GameViewController.h; sourceTree = "<group>"; };
		A1C920FA19CC19DB009FE141 /* GameViewController.m */ = {isa = PBXFileReference; lastKnownFileType = sourcecode.c.objc; path = GameViewController.m; sourceTree = "<group>"; };
		A1C920FD19CC19DB009FE141 /* Base */ = {isa = PBXFileReference; lastKnownFileType = file.storyboard; name = Base; path = Base.lproj/Main.storyboard; sourceTree = "<group>"; };
		A1C920FF19CC19DB009FE141 /* Images.xcassets */ = {isa = PBXFileReference; lastKnownFileType = folder.assetcatalog; path = Images.xcassets; sourceTree = "<group>"; };
		A1C9210219CC19DB009FE141 /* Base */ = {isa = PBXFileReference; lastKnownFileType = file.xib; name = Base; path = Base.lproj/LaunchScreen.xib; sourceTree = "<group>"; };
		A1C9210819CC19DB009FE141 /* CardboardDemoTests.xctest */ = {isa = PBXFileReference; explicitFileType = wrapper.cfbundle; includeInIndex = 0; path = CardboardDemoTests.xctest; sourceTree = BUILT_PRODUCTS_DIR; };
		A1C9210D19CC19DB009FE141 /* Info.plist */ = {isa = PBXFileReference; lastKnownFileType = text.plist.xml; path = Info.plist; sourceTree = "<group>"; };
		A1C9210E19CC19DB009FE141 /* CardboardDemoTests.m */ = {isa = PBXFileReference; lastKnownFileType = sourcecode.c.objc; path = CardboardDemoTests.m; sourceTree = "<group>"; };
		A1C9211819CC1C8E009FE141 /* GLProgram.h */ = {isa = PBXFileReference; fileEncoding = 4; lastKnownFileType = sourcecode.c.h; path = GLProgram.h; sourceTree = "<group>"; };
		A1C9211919CC1C8E009FE141 /* GLProgram.m */ = {isa = PBXFileReference; fileEncoding = 4; lastKnownFileType = sourcecode.c.objc; path = GLProgram.m; sourceTree = "<group>"; };
/* End PBXFileReference section */

/* Begin PBXFrameworksBuildPhase section */
		A1C920E819CC19DB009FE141 /* Frameworks */ = {
			isa = PBXFrameworksBuildPhase;
			buildActionMask = 2147483647;
			files = (
			);
			runOnlyForDeploymentPostprocessing = 0;
		};
		A1C9210519CC19DB009FE141 /* Frameworks */ = {
			isa = PBXFrameworksBuildPhase;
			buildActionMask = 2147483647;
			files = (
			);
			runOnlyForDeploymentPostprocessing = 0;
		};
/* End PBXFrameworksBuildPhase section */

/* Begin PBXGroup section */
		A1C920E219CC19DB009FE141 = {
			isa = PBXGroup;
			children = (
				A1C920ED19CC19DB009FE141 /* CardboardDemo */,
				A1C9210B19CC19DB009FE141 /* CardboardDemoTests */,
				A1C920EC19CC19DB009FE141 /* Products */,
			);
			sourceTree = "<group>";
		};
		A1C920EC19CC19DB009FE141 /* Products */ = {
			isa = PBXGroup;
			children = (
				A1C920EB19CC19DB009FE141 /* CardboardDemo.app */,
				A1C9210819CC19DB009FE141 /* CardboardDemoTests.xctest */,
			);
			name = Products;
			sourceTree = "<group>";
		};
		A1C920ED19CC19DB009FE141 /* CardboardDemo */ = {
			isa = PBXGroup;
			children = (
				A1C920F219CC19DB009FE141 /* AppDelegate.h */,
				A1C920F319CC19DB009FE141 /* AppDelegate.m */,
				A1C920F519CC19DB009FE141 /* Shader.fsh */,
				A1C920F719CC19DB009FE141 /* Shader.vsh */,
				A1A3948319CED91F00887EA2 /* Camera.h */,
				A1A3948419CED91F00887EA2 /* Camera.m */,
				A1A3949019CF247500887EA2 /* SceneSelectViewController.h */,
				A1A3949119CF247500887EA2 /* SceneSelectViewController.m */,
				A1C920F919CC19DB009FE141 /* GameViewController.h */,
				A1C920FA19CC19DB009FE141 /* GameViewController.m */,
				A1A3948C19CEF4FF00887EA2 /* TextureRenderer.h */,
				A1A3948D19CEF4FF00887EA2 /* TextureRenderer.m */,
				A1A3948619CEEBB500887EA2 /* SceneKitTextureRenderer.h */,
				A1A3948719CEEBB500887EA2 /* SceneKitTextureRenderer.m */,
				A1A3948919CEF0B200887EA2 /* GLKitTextureRenderer.h */,
				A1A3948A19CEF0B200887EA2 /* GLKitTextureRenderer.m */,
				A1C9211819CC1C8E009FE141 /* GLProgram.h */,
				A1C9211919CC1C8E009FE141 /* GLProgram.m */,
				A1A3949319CF25A000887EA2 /* Constants.h */,
				A1C920FC19CC19DB009FE141 /* Main.storyboard */,
				A1C920FF19CC19DB009FE141 /* Images.xcassets */,
				A1C9210119CC19DB009FE141 /* LaunchScreen.xib */,
				A1C920EE19CC19DB009FE141 /* Supporting Files */,
			);
			path = CardboardDemo;
			sourceTree = "<group>";
		};
		A1C920EE19CC19DB009FE141 /* Supporting Files */ = {
			isa = PBXGroup;
			children = (
				A1A3949419CF39E800887EA2 /* LICENCE */,
				A1A3949519CF39E800887EA2 /* README.md */,
				A1C920EF19CC19DB009FE141 /* Info.plist */,
				A1C920F019CC19DB009FE141 /* main.m */,
			);
			name = "Supporting Files";
			sourceTree = "<group>";
		};
		A1C9210B19CC19DB009FE141 /* CardboardDemoTests */ = {
			isa = PBXGroup;
			children = (
				A1C9210E19CC19DB009FE141 /* CardboardDemoTests.m */,
				A1C9210C19CC19DB009FE141 /* Supporting Files */,
			);
			path = CardboardDemoTests;
			sourceTree = "<group>";
		};
		A1C9210C19CC19DB009FE141 /* Supporting Files */ = {
			isa = PBXGroup;
			children = (
				A1C9210D19CC19DB009FE141 /* Info.plist */,
			);
			name = "Supporting Files";
			sourceTree = "<group>";
		};
/* End PBXGroup section */

/* Begin PBXNativeTarget section */
		A1C920EA19CC19DB009FE141 /* CardboardDemo */ = {
			isa = PBXNativeTarget;
			buildConfigurationList = A1C9211219CC19DB009FE141 /* Build configuration list for PBXNativeTarget "CardboardDemo" */;
			buildPhases = (
				A1C920E719CC19DB009FE141 /* Sources */,
				A1C920E819CC19DB009FE141 /* Frameworks */,
				A1C920E919CC19DB009FE141 /* Resources */,
			);
			buildRules = (
			);
			dependencies = (
			);
			name = CardboardDemo;
			productName = TestVR;
			productReference = A1C920EB19CC19DB009FE141 /* CardboardDemo.app */;
			productType = "com.apple.product-type.application";
		};
		A1C9210719CC19DB009FE141 /* CardboardDemoTests */ = {
			isa = PBXNativeTarget;
			buildConfigurationList = A1C9211519CC19DB009FE141 /* Build configuration list for PBXNativeTarget "CardboardDemoTests" */;
			buildPhases = (
				A1C9210419CC19DB009FE141 /* Sources */,
				A1C9210519CC19DB009FE141 /* Frameworks */,
				A1C9210619CC19DB009FE141 /* Resources */,
			);
			buildRules = (
			);
			dependencies = (
				A1C9210A19CC19DB009FE141 /* PBXTargetDependency */,
			);
			name = CardboardDemoTests;
			productName = TestVRTests;
			productReference = A1C9210819CC19DB009FE141 /* CardboardDemoTests.xctest */;
			productType = "com.apple.product-type.bundle.unit-test";
		};
/* End PBXNativeTarget section */

/* Begin PBXProject section */
		A1C920E319CC19DB009FE141 /* Project object */ = {
			isa = PBXProject;
			attributes = {
				LastUpgradeCheck = 0600;
				ORGANIZATIONNAME = "Andy Qua";
				TargetAttributes = {
					A1C920EA19CC19DB009FE141 = {
						CreatedOnToolsVersion = 6.0.1;
					};
					A1C9210719CC19DB009FE141 = {
						CreatedOnToolsVersion = 6.0.1;
						TestTargetID = A1C920EA19CC19DB009FE141;
					};
				};
			};
			buildConfigurationList = A1C920E619CC19DB009FE141 /* Build configuration list for PBXProject "CardboardDemo" */;
			compatibilityVersion = "Xcode 3.2";
			developmentRegion = English;
			hasScannedForEncodings = 0;
			knownRegions = (
				en,
				Base,
			);
			mainGroup = A1C920E219CC19DB009FE141;
			productRefGroup = A1C920EC19CC19DB009FE141 /* Products */;
			projectDirPath = "";
			projectRoot = "";
			targets = (
				A1C920EA19CC19DB009FE141 /* CardboardDemo */,
				A1C9210719CC19DB009FE141 /* CardboardDemoTests */,
			);
		};
/* End PBXProject section */

/* Begin PBXResourcesBuildPhase section */
		A1C920E919CC19DB009FE141 /* Resources */ = {
			isa = PBXResourcesBuildPhase;
			buildActionMask = 2147483647;
			files = (
				A1A3949619CF39E800887EA2 /* LICENCE in Resources */,
				A1C9210319CC19DB009FE141 /* LaunchScreen.xib in Resources */,
				A1C920FE19CC19DB009FE141 /* Main.storyboard in Resources */,
				A1C9210019CC19DB009FE141 /* Images.xcassets in Resources */,
				A1C920F819CC19DB009FE141 /* Shader.vsh in Resources */,
				A1C920F619CC19DB009FE141 /* Shader.fsh in Resources */,
			);
			runOnlyForDeploymentPostprocessing = 0;
		};
		A1C9210619CC19DB009FE141 /* Resources */ = {
			isa = PBXResourcesBuildPhase;
			buildActionMask = 2147483647;
			files = (
			);
			runOnlyForDeploymentPostprocessing = 0;
		};
/* End PBXResourcesBuildPhase section */

/* Begin PBXSourcesBuildPhase section */
		A1C920E719CC19DB009FE141 /* Sources */ = {
			isa = PBXSourcesBuildPhase;
			buildActionMask = 2147483647;
			files = (
				A1C920F419CC19DB009FE141 /* AppDelegate.m in Sources */,
				A1A3949219CF247500887EA2 /* SceneSelectViewController.m in Sources */,
				A1A3949719CF39E800887EA2 /* README.md in Sources */,
				A1A3948519CED91F00887EA2 /* Camera.m in Sources */,
				A1C9211A19CC1C8E009FE141 /* GLProgram.m in Sources */,
				A1A3948B19CEF0B200887EA2 /* GLKitTextureRenderer.m in Sources */,
				A1A3948E19CEF4FF00887EA2 /* TextureRenderer.m in Sources */,
				A1C920FB19CC19DB009FE141 /* GameViewController.m in Sources */,
				A1A3948819CEEBB500887EA2 /* SceneKitTextureRenderer.m in Sources */,
				A1C920F119CC19DB009FE141 /* main.m in Sources */,
			);
			runOnlyForDeploymentPostprocessing = 0;
		};
		A1C9210419CC19DB009FE141 /* Sources */ = {
			isa = PBXSourcesBuildPhase;
			buildActionMask = 2147483647;
			files = (
				A1C9210F19CC19DB009FE141 /* CardboardDemoTests.m in Sources */,
			);
			runOnlyForDeploymentPostprocessing = 0;
		};
/* End PBXSourcesBuildPhase section */

/* Begin PBXTargetDependency section */
		A1C9210A19CC19DB009FE141 /* PBXTargetDependency */ = {
			isa = PBXTargetDependency;
			target = A1C920EA19CC19DB009FE141 /* CardboardDemo */;
			targetProxy = A1C9210919CC19DB009FE141 /* PBXContainerItemProxy */;
		};
/* End PBXTargetDependency section */

/* Begin PBXVariantGroup section */
		A1C920FC19CC19DB009FE141 /* Main.storyboard */ = {
			isa = PBXVariantGroup;
			children = (
				A1C920FD19CC19DB009FE141 /* Base */,
			);
			name = Main.storyboard;
			sourceTree = "<group>";
		};
		A1C9210119CC19DB009FE141 /* LaunchScreen.xib */ = {
			isa = PBXVariantGroup;
			children = (
				A1C9210219CC19DB009FE141 /* Base */,
			);
			name = LaunchScreen.xib;
			sourceTree = "<group>";
		};
/* End PBXVariantGroup section */

/* Begin XCBuildConfiguration section */
		A1C9211019CC19DB009FE141 /* Debug */ = {
			isa = XCBuildConfiguration;
			buildSettings = {
				ALWAYS_SEARCH_USER_PATHS = NO;
				CLANG_CXX_LANGUAGE_STANDARD = "gnu++0x";
				CLANG_CXX_LIBRARY = "libc++";
				CLANG_ENABLE_MODULES = YES;
				CLANG_ENABLE_OBJC_ARC = YES;
				CLANG_WARN_BOOL_CONVERSION = YES;
				CLANG_WARN_CONSTANT_CONVERSION = YES;
				CLANG_WARN_DIRECT_OBJC_ISA_USAGE = YES_ERROR;
				CLANG_WARN_EMPTY_BODY = YES;
				CLANG_WARN_ENUM_CONVERSION = YES;
				CLANG_WARN_INT_CONVERSION = YES;
				CLANG_WARN_OBJC_ROOT_CLASS = YES_ERROR;
				CLANG_WARN_UNREACHABLE_CODE = YES;
				CLANG_WARN__DUPLICATE_METHOD_MATCH = YES;
				"CODE_SIGN_IDENTITY[sdk=iphoneos*]" = "iPhone Developer";
				COPY_PHASE_STRIP = NO;
				ENABLE_STRICT_OBJC_MSGSEND = YES;
				GCC_C_LANGUAGE_STANDARD = gnu99;
				GCC_DYNAMIC_NO_PIC = NO;
				GCC_OPTIMIZATION_LEVEL = 0;
				GCC_PREPROCESSOR_DEFINITIONS = (
					"DEBUG=1",
					"$(inherited)",
				);
				GCC_SYMBOLS_PRIVATE_EXTERN = NO;
				GCC_WARN_64_TO_32_BIT_CONVERSION = YES;
				GCC_WARN_ABOUT_RETURN_TYPE = YES_ERROR;
				GCC_WARN_UNDECLARED_SELECTOR = YES;
				GCC_WARN_UNINITIALIZED_AUTOS = YES_AGGRESSIVE;
				GCC_WARN_UNUSED_FUNCTION = YES;
				GCC_WARN_UNUSED_VARIABLE = YES;
				IPHONEOS_DEPLOYMENT_TARGET = 8.0;
				MTL_ENABLE_DEBUG_INFO = YES;
				ONLY_ACTIVE_ARCH = YES;
				SDKROOT = iphoneos;
			};
			name = Debug;
		};
		A1C9211119CC19DB009FE141 /* Release */ = {
			isa = XCBuildConfiguration;
			buildSettings = {
				ALWAYS_SEARCH_USER_PATHS = NO;
				CLANG_CXX_LANGUAGE_STANDARD = "gnu++0x";
				CLANG_CXX_LIBRARY = "libc++";
				CLANG_ENABLE_MODULES = YES;
				CLANG_ENABLE_OBJC_ARC = YES;
				CLANG_WARN_BOOL_CONVERSION = YES;
				CLANG_WARN_CONSTANT_CONVERSION = YES;
				CLANG_WARN_DIRECT_OBJC_ISA_USAGE = YES_ERROR;
				CLANG_WARN_EMPTY_BODY = YES;
				CLANG_WARN_ENUM_CONVERSION = YES;
				CLANG_WARN_INT_CONVERSION = YES;
				CLANG_WARN_OBJC_ROOT_CLASS = YES_ERROR;
				CLANG_WARN_UNREACHABLE_CODE = YES;
				CLANG_WARN__DUPLICATE_METHOD_MATCH = YES;
				"CODE_SIGN_IDENTITY[sdk=iphoneos*]" = "iPhone Developer";
				COPY_PHASE_STRIP = YES;
				ENABLE_NS_ASSERTIONS = NO;
				ENABLE_STRICT_OBJC_MSGSEND = YES;
				GCC_C_LANGUAGE_STANDARD = gnu99;
				GCC_WARN_64_TO_32_BIT_CONVERSION = YES;
				GCC_WARN_ABOUT_RETURN_TYPE = YES_ERROR;
				GCC_WARN_UNDECLARED_SELECTOR = YES;
				GCC_WARN_UNINITIALIZED_AUTOS = YES_AGGRESSIVE;
				GCC_WARN_UNUSED_FUNCTION = YES;
				GCC_WARN_UNUSED_VARIABLE = YES;
				IPHONEOS_DEPLOYMENT_TARGET = 8.0;
				MTL_ENABLE_DEBUG_INFO = NO;
				SDKROOT = iphoneos;
				VALIDATE_PRODUCT = YES;
			};
			name = Release;
		};
		A1C9211319CC19DB009FE141 /* Debug */ = {
			isa = XCBuildConfiguration;
			buildSettings = {
				ASSETCATALOG_COMPILER_APPICON_NAME = AppIcon;
				INFOPLIST_FILE = CardboardDemo/Info.plist;
				LD_RUNPATH_SEARCH_PATHS = "$(inherited) @executable_path/Frameworks";
				PRODUCT_NAME = CardboardDemo;
			};
			name = Debug;
		};
		A1C9211419CC19DB009FE141 /* Release */ = {
			isa = XCBuildConfiguration;
			buildSettings = {
				ASSETCATALOG_COMPILER_APPICON_NAME = AppIcon;
				INFOPLIST_FILE = CardboardDemo/Info.plist;
				LD_RUNPATH_SEARCH_PATHS = "$(inherited) @executable_path/Frameworks";
				PRODUCT_NAME = CardboardDemo;
			};
			name = Release;
		};
		A1C9211619CC19DB009FE141 /* Debug */ = {
			isa = XCBuildConfiguration;
			buildSettings = {
				BUNDLE_LOADER = "$(TEST_HOST)";
				FRAMEWORK_SEARCH_PATHS = (
					"$(SDKROOT)/Developer/Library/Frameworks",
					"$(inherited)",
				);
				GCC_PREPROCESSOR_DEFINITIONS = (
					"DEBUG=1",
					"$(inherited)",
				);
				INFOPLIST_FILE = CardboardDemoTests/Info.plist;
				LD_RUNPATH_SEARCH_PATHS = "$(inherited) @executable_path/Frameworks @loader_path/Frameworks";
				PRODUCT_NAME = CardboardDemoTests;
				TEST_HOST = "$(BUILT_PRODUCTS_DIR)/CardboardDemo.app/CardboardDemo";
			};
			name = Debug;
		};
		A1C9211719CC19DB009FE141 /* Release */ = {
			isa = XCBuildConfiguration;
			buildSettings = {
				BUNDLE_LOADER = "$(TEST_HOST)";
				FRAMEWORK_SEARCH_PATHS = (
					"$(SDKROOT)/Developer/Library/Frameworks",
					"$(inherited)",
				);
				INFOPLIST_FILE = CardboardDemoTests/Info.plist;
				LD_RUNPATH_SEARCH_PATHS = "$(inherited) @executable_path/Frameworks @loader_path/Frameworks";
				PRODUCT_NAME = CardboardDemoTests;
				TEST_HOST = "$(BUILT_PRODUCTS_DIR)/CardboardDemo.app/CardboardDemo";
			};
			name = Release;
		};
/* End XCBuildConfiguration section */

/* Begin XCConfigurationList section */
		A1C920E619CC19DB009FE141 /* Build configuration list for PBXProject "CardboardDemo" */ = {
			isa = XCConfigurationList;
			buildConfigurations = (
				A1C9211019CC19DB009FE141 /* Debug */,
				A1C9211119CC19DB009FE141 /* Release */,
			);
			defaultConfigurationIsVisible = 0;
			defaultConfigurationName = Release;
		};
		A1C9211219CC19DB009FE141 /* Build configuration list for PBXNativeTarget "CardboardDemo" */ = {
			isa = XCConfigurationList;
			buildConfigurations = (
				A1C9211319CC19DB009FE141 /* Debug */,
				A1C9211419CC19DB009FE141 /* Release */,
			);
			defaultConfigurationIsVisible = 0;
			defaultConfigurationName = Release;
		};
		A1C9211519CC19DB009FE141 /* Build configuration list for PBXNativeTarget "CardboardDemoTests" */ = {
			isa = XCConfigurationList;
			buildConfigurations = (
				A1C9211619CC19DB009FE141 /* Debug */,
				A1C9211719CC19DB009FE141 /* Release */,
			);
			defaultConfigurationIsVisible = 0;
			defaultConfigurationName = Release;
		};
/* End XCConfigurationList section */
	};
	rootObject = A1C920E319CC19DB009FE141 /* Project object */;
}
